---
lockfileVersion: '9.0'

importers:

  .:
    configDependencies: {}
    packageManagerDependencies:
      pnpm:
        specifier: 12.5.1
        version: 12.5.1

packages:

  '@pnpm/exe.android-arm64@12.5.1':
    resolution: {integrity: sha512-6LGBmQuDzUmgpHSuy+haG0jrmkwFNa4EuShDZqK3cIBv4Wfb75CzjJmowkzr+iJg40vnBKMQ62t4Ko6mwsId7A==}
    cpu: [arm64]
    os: [android]

  '@pnpm/exe.android-x64@12.5.1':
    resolution: {integrity: sha512-091oCltP3Rx89yxL1Wh5rXkUXEyFzyxIzSHKRFDyDFlQkb8Ox8FaDcm+M8PNkMyqnLA+qeGOLzY7Rjj9izl1Ww==}
    cpu: [x64]
    os: [android]

  '@pnpm/exe.darwin-arm64@12.5.1':
    resolution: {integrity: sha512-r1vEMQPVjRexZMyL2HonxJoo3+nuB/+G+tg+f2PK6faRdXX1TDwevKXOxJAfqlPInTy6W/pm912+s+m0NcR4BQ==}
    cpu: [arm64]
    os: [darwin]

  '@pnpm/exe.darwin-x64@12.5.1':
    resolution: {integrity: sha512-YHwI1g2B+Y2cAEylOR31r781GWijdJL7Gy7TEn/ZpZ5v/Cuwp5/Pz0EFCgo0M2MKLafAbL/laUMGvOpAdnerAw==}
    cpu: [x64]
    os: [darwin]

  '@pnpm/exe.freebsd-x64@12.5.1':
    resolution: {integrity: sha512-sFUMHiYFs6q5syFwgaVppzhQSmqnXoJIz/YwTXIOXTDE76ndIpTRpDGAnBCBKjsaEBnqjJA/2l6hpJcNDNoMiA==}
    cpu: [x64]
    os: [freebsd]

  '@pnpm/exe.linux-arm64-musl@12.5.1':
    resolution: {integrity: sha512-zupuxYZBuBEGjUz805/4/Asq01UNziFADANt8yp+LdUjU9bbMa3xY78Bx1PsGDqBy7aiad4sdUMK8ZxH4n4gmQ==}
    cpu: [arm64]
    os: [linux]
    libc: [musl]

  '@pnpm/exe.linux-arm64@12.5.1':
    resolution: {integrity: sha512-6hbMWW2/eQo1b5wvQPe/ndLHVTH88Rav6N+ffD4/h6IuFMjWCgasFYYsFv0GrvpqREAx3SwmZSvli+0NFXqbxA==}
    cpu: [arm64]
    os: [linux]
    libc: [glibc]

  '@pnpm/exe.linux-ppc64@12.5.1':
    resolution: {integrity: sha512-Gg3maDzaE/ZFMV9HIx/BwMN0Y6QbEs13URfxmiYHtKjjLAs5wEQZRMUP87YNLYO7cNaEfbM8GRbS9vPosyD9Gw==}
    cpu: [ppc64]
    os: [linux]
    libc: [glibc]

  '@pnpm/exe.linux-riscv64@12.5.1':
    resolution: {integrity: sha512-6fgWxXYMBMsWQ8DAiRevscX4QZQjwh+FsyCj8ZOk8pMXvqeq84MqBLCmS6KckvnbdqJ+HlSVQ7fs/kd0ldwfhA==}
    cpu: [riscv64]
    os: [linux]
    libc: [glibc]

  '@pnpm/exe.linux-s390x@12.5.1':
    resolution: {integrity: sha512-nzMZruRvxDhEfYUhzu+7EmM39+82Dgagc/6hPFPqGqzXNGcIG0anuxbUxfeNtI64SHt91KuuYUmCB/inlM+Pag==}
    cpu: [s390x]
    os: [linux]
    libc: [glibc]

  '@pnpm/exe.linux-x64-musl@12.5.1':
    resolution: {integrity: sha512-kHCbegdTNHpzmPtUD4S5fqkVkqgdQR47spF9p2VPP3dIIkZl6Ytk8w0vhlAsAGgge8FmucfwX+vvPKgm0NtOCQ==}
    cpu: [x64]
    os: [linux]
    libc: [musl]

  '@pnpm/exe.linux-x64@12.5.1':
    resolution: {integrity: sha512-3PkUBYo5z4dgtlnTNIFj7QGpcDUAuqXz9WGVigPDCeccEnhGiRkWmA5102TmYJHtwJP3LfmE+ZF9PGeWhn8p9Q==}
    cpu: [x64]
    os: [linux]
    libc: [glibc]

  '@pnpm/exe.win32-arm64@12.5.1':
    resolution: {integrity: sha512-49NvjZIXHly56/PLoEDD7VphbO4N8dwMXoApElDFCpVGDNGeKlwlib1tXtnpTF6i2/XIsAj7GgatHB5KHXgBnA==}
    cpu: [arm64]
    os: [win32]

  '@pnpm/exe.win32-x64@12.5.1':
    resolution: {integrity: sha512-ePUmQFPAPJFNMwg1lelDx2PdjHqYRiF0yfg5e6qeDbPNOu97QNo557Ru/SxmCrmt8ydQWNuZXWpdEp019md5vw==}
    cpu: [x64]
    os: [win32]

  pnpm@12.5.1:
    resolution: {integrity: sha512-4/MFvHhKK8ifWtO2E4iJRw+ujSr182thIW7JHCw9ZAiXdfneOKrDMQROpA8kXLDVZmOS399lgk4ZB+9qLGLeXw==}
    engines: {node: '>=18.*'}
    hasBin: true

snapshots:

  '@pnpm/exe.android-arm64@12.5.1':
    optional: true

  '@pnpm/exe.android-x64@12.5.1':
    optional: true

  '@pnpm/exe.darwin-arm64@12.5.1':
    optional: true

  '@pnpm/exe.darwin-x64@12.5.1':
    optional: true

  '@pnpm/exe.freebsd-x64@12.5.1':
    optional: true

  '@pnpm/exe.linux-arm64-musl@12.5.1':
    optional: true

  '@pnpm/exe.linux-arm64@12.5.1':
    optional: true

  '@pnpm/exe.linux-ppc64@12.5.1':
    optional: true

  '@pnpm/exe.linux-riscv64@12.5.1':
    optional: true

  '@pnpm/exe.linux-s390x@12.5.1':
    optional: true

  '@pnpm/exe.linux-x64-musl@12.5.1':
    optional: true

  '@pnpm/exe.linux-x64@12.5.1':
    optional: true

  '@pnpm/exe.win32-arm64@12.5.1':
    optional: true

  '@pnpm/exe.win32-x64@12.5.1':
    optional: true

  pnpm@12.5.1:
    optionalDependencies:
      '@pnpm/exe.android-arm64': 12.5.1
      '@pnpm/exe.android-x64': 12.5.1
      '@pnpm/exe.darwin-arm64': 12.5.1
      '@pnpm/exe.darwin-x64': 12.5.1
      '@pnpm/exe.freebsd-x64': 12.5.1
      '@pnpm/exe.linux-arm64': 12.5.1
      '@pnpm/exe.linux-arm64-musl': 12.5.1
      '@pnpm/exe.linux-ppc64': 12.5.1
      '@pnpm/exe.linux-riscv64': 12.5.1
      '@pnpm/exe.linux-s390x': 12.5.1
      '@pnpm/exe.linux-x64': 12.5.1
      '@pnpm/exe.linux-x64-musl': 12.5.1
      '@pnpm/exe.win32-arm64': 12.5.1
      '@pnpm/exe.win32-x64': 12.5.1

---
lockfileVersion: '9.0'

settings:
  autoInstallPeers: true
  excludeLinksFromLockfile: false

overrides:
  perf-package-00@: 1.0.0
  perf-package-01@: 1.0.0
  perf-package-02@: 1.0.0
  perf-package-03@: 1.0.0
  perf-package-04@: 1.0.0
  perf-package-05@: 1.0.0
  perf-package-06@: 1.0.0
  perf-package-07@: 1.0.0
  perf-package-08@: 1.0.0
  perf-package-09@: 1.0.0
  perf-package-10@: 1.0.0
  perf-package-11@: 1.0.0
  perf-package-12@: 1.0.0
  perf-package-13@: 1.0.0
  perf-package-14@: 1.0.0
  perf-package-15@: 1.0.0
  perf-package-16@: 1.0.0
  perf-package-17@: 1.0.0
  perf-package-18@: 1.0.0
  perf-package-19@: 1.0.0
  perf-package-20@: 1.0.0
  perf-package-21@: 1.0.0
  perf-package-22@: 1.0.0
  perf-package-23@: 1.0.0
  perf-package-24@: 1.0.0
  perf-package-25@: 1.0.0
  perf-package-26@: 1.0.0
  perf-package-27@: 1.0.0
  perf-package-28@: 1.0.0
  perf-package-29@: 1.0.0
  perf-package-30@: 1.0.0
  perf-package-31@: 1.0.0
  perf-package-32@: 1.0.0
  perf-package-33@: 1.0.0
  perf-package-34@: 1.0.0
  perf-package-35@: 1.0.0
  perf-package-36@: 1.0.0
  perf-package-37@: 1.0.0
  perf-package-38@: 1.0.0
  perf-package-39@: 1.0.0
  perf-package-40@: 1.0.0
  perf-package-41@: 1.0.0
  perf-package-42@: 1.0.0
  perf-package-43@: 1.0.0
  perf-package-44@: 1.0.0
  perf-package-45@: 1.0.0
  perf-package-46@: 1.0.0
  perf-package-47@: 1.0.0

importers:

  .:
    dependencies:
      perf-package-00:
        specifier: 1.0.0
        version: 1.0.0
      perf-package-01:
        specifier: 1.0.0
        version: 1.0.0
      perf-package-02:
        specifier: 1.0.0
        version: 1.0.0
      perf-package-03:
        specifier: 1.0.0
        version: 1.0.0
      perf-package-04:
        specifier: 1.0.0
        version: 1.0.0
      perf-package-05:
        specifier: 1.0.0
        version: 1.0.0
      perf-package-06:
        specifier: 1.0.0
        version: 1.0.0
      perf-package-07:
        specifier: 1.0.0
        version: 1.0.0
      perf-package-08:
        specifier: 1.0.0
        version: 1.0.0
      perf-package-09:
        specifier: 1.0.0
        version: 1.0.0
      perf-package-10:
        specifier: 1.0.0
        version: 1.0.0
      perf-package-11:
        specifier: 1.0.0
        version: 1.0.0
      perf-package-12:
        specifier: 1.0.0
        version: 1.0.0
      perf-package-13:
        specifier: 1.0.0
        version: 1.0.0
      perf-package-14:
        specifier: 1.0.0
        version: 1.0.0
      perf-package-15:
        specifier: 1.0.0
        version: 1.0.0
      perf-package-16:
        specifier: 1.0.0
        version: 1.0.0
      perf-package-17:
        specifier: 1.0.0
        version: 1.0.0
      perf-package-18:
        specifier: 1.0.0
        version: 1.0.0
      perf-package-19:
        specifier: 1.0.0
        version: 1.0.0
      perf-package-20:
        specifier: 1.0.0
        version: 1.0.0
      perf-package-21:
        specifier: 1.0.0
        version: 1.0.0
      perf-package-22:
        specifier: 1.0.0
        version: 1.0.0
      perf-package-23:
        specifier: 1.0.0
        version: 1.0.0
      perf-package-24:
        specifier: 1.0.0
        version: 1.0.0
      perf-package-25:
        specifier: 1.0.0
        version: 1.0.0
      perf-package-26:
        specifier: 1.0.0
        version: 1.0.0
      perf-package-27:
        specifier: 1.0.0
        version: 1.0.0
      perf-package-28:
        specifier: 1.0.0
        version: 1.0.0
      perf-package-29:
        specifier: 1.0.0
        version: 1.0.0
      perf-package-30:
        specifier: 1.0.0
        version: 1.0.0
      perf-package-31:
        specifier: 1.0.0
        version: 1.0.0
      perf-package-32:
        specifier: 1.0.0
        version: 1.0.0
      perf-package-33:
        specifier: 1.0.0
        version: 1.0.0
      perf-package-34:
        specifier: 1.0.0
        version: 1.0.0
      perf-package-35:
        specifier: 1.0.0
        version: 1.0.0
      perf-package-36:
        specifier: 1.0.0
        version: 1.0.0
      perf-package-37:
        specifier: 1.0.0
        version: 1.0.0
      perf-package-38:
        specifier: 1.0.0
        version: 1.0.0
      perf-package-39:
        specifier: 1.0.0
        version: 1.0.0
      perf-package-40:
        specifier: 1.0.0
        version: 1.0.0
      perf-package-41:
        specifier: 1.0.0
        version: 1.0.0
      perf-package-42:
        specifier: 1.0.0
        version: 1.0.0
      perf-package-43:
        specifier: 1.0.0
        version: 1.0.0
      perf-package-44:
        specifier: 1.0.0
        version: 1.0.0
      perf-package-45:
        specifier: 1.0.0
        version: 1.0.0
      perf-package-46:
        specifier: 1.0.0
        version: 1.0.0
      perf-package-47:
        specifier: 1.0.0
        version: 1.0.0

packages:

  perf-package-00@1.0.0:
    resolution: {integrity: sha512-AAAAAAAAAAAAAAAAAAAAAAAAAAAAAAAAAAAAAAAAAAAAAAAAAAAAAAAAAAAAAAAAAAAAAAAAAAAAAAAAAAAAAA==}

  perf-package-01@1.0.0:
    resolution: {integrity: sha512-AAAAAAAAAAAAAAAAAAAAAAAAAAAAAAAAAAAAAAAAAAAAAAAAAAAAAAAAAAAAAAAAAAAAAAAAAAAAAAAAAAAAAA==}

  perf-package-02@1.0.0:
    resolution: {integrity: sha512-AAAAAAAAAAAAAAAAAAAAAAAAAAAAAAAAAAAAAAAAAAAAAAAAAAAAAAAAAAAAAAAAAAAAAAAAAAAAAAAAAAAAAA==}

  perf-package-03@1.0.0:
    resolution: {integrity: sha512-AAAAAAAAAAAAAAAAAAAAAAAAAAAAAAAAAAAAAAAAAAAAAAAAAAAAAAAAAAAAAAAAAAAAAAAAAAAAAAAAAAAAAA==}

  perf-package-04@1.0.0:
    resolution: {integrity: sha512-AAAAAAAAAAAAAAAAAAAAAAAAAAAAAAAAAAAAAAAAAAAAAAAAAAAAAAAAAAAAAAAAAAAAAAAAAAAAAAAAAAAAAA==}

  perf-package-05@1.0.0:
    resolution: {integrity: sha512-AAAAAAAAAAAAAAAAAAAAAAAAAAAAAAAAAAAAAAAAAAAAAAAAAAAAAAAAAAAAAAAAAAAAAAAAAAAAAAAAAAAAAA==}

  perf-package-06@1.0.0:
    resolution: {integrity: sha512-AAAAAAAAAAAAAAAAAAAAAAAAAAAAAAAAAAAAAAAAAAAAAAAAAAAAAAAAAAAAAAAAAAAAAAAAAAAAAAAAAAAAAA==}

  perf-package-07@1.0.0:
    resolution: {integrity: sha512-AAAAAAAAAAAAAAAAAAAAAAAAAAAAAAAAAAAAAAAAAAAAAAAAAAAAAAAAAAAAAAAAAAAAAAAAAAAAAAAAAAAAAA==}

  perf-package-08@1.0.0:
    resolution: {integrity: sha512-AAAAAAAAAAAAAAAAAAAAAAAAAAAAAAAAAAAAAAAAAAAAAAAAAAAAAAAAAAAAAAAAAAAAAAAAAAAAAAAAAAAAAA==}

  perf-package-09@1.0.0:
    resolution: {integrity: sha512-AAAAAAAAAAAAAAAAAAAAAAAAAAAAAAAAAAAAAAAAAAAAAAAAAAAAAAAAAAAAAAAAAAAAAAAAAAAAAAAAAAAAAA==}

  perf-package-10@1.0.0:
    resolution: {integrity: sha512-AAAAAAAAAAAAAAAAAAAAAAAAAAAAAAAAAAAAAAAAAAAAAAAAAAAAAAAAAAAAAAAAAAAAAAAAAAAAAAAAAAAAAA==}

  perf-package-11@1.0.0:
    resolution: {integrity: sha512-AAAAAAAAAAAAAAAAAAAAAAAAAAAAAAAAAAAAAAAAAAAAAAAAAAAAAAAAAAAAAAAAAAAAAAAAAAAAAAAAAAAAAA==}

  perf-package-12@1.0.0:
    resolution: {integrity: sha512-AAAAAAAAAAAAAAAAAAAAAAAAAAAAAAAAAAAAAAAAAAAAAAAAAAAAAAAAAAAAAAAAAAAAAAAAAAAAAAAAAAAAAA==}

  perf-package-13@1.0.0:
    resolution: {integrity: sha512-AAAAAAAAAAAAAAAAAAAAAAAAAAAAAAAAAAAAAAAAAAAAAAAAAAAAAAAAAAAAAAAAAAAAAAAAAAAAAAAAAAAAAA==}

  perf-package-14@1.0.0:
    resolution: {integrity: sha512-AAAAAAAAAAAAAAAAAAAAAAAAAAAAAAAAAAAAAAAAAAAAAAAAAAAAAAAAAAAAAAAAAAAAAAAAAAAAAAAAAAAAAA==}

  perf-package-15@1.0.0:
    resolution: {integrity: sha512-AAAAAAAAAAAAAAAAAAAAAAAAAAAAAAAAAAAAAAAAAAAAAAAAAAAAAAAAAAAAAAAAAAAAAAAAAAAAAAAAAAAAAA==}

  perf-package-16@1.0.0:
    resolution: {integrity: sha512-AAAAAAAAAAAAAAAAAAAAAAAAAAAAAAAAAAAAAAAAAAAAAAAAAAAAAAAAAAAAAAAAAAAAAAAAAAAAAAAAAAAAAA==}

  perf-package-17@1.0.0:
    resolution: {integrity: sha512-AAAAAAAAAAAAAAAAAAAAAAAAAAAAAAAAAAAAAAAAAAAAAAAAAAAAAAAAAAAAAAAAAAAAAAAAAAAAAAAAAAAAAA==}

  perf-package-18@1.0.0:
    resolution: {integrity: sha512-AAAAAAAAAAAAAAAAAAAAAAAAAAAAAAAAAAAAAAAAAAAAAAAAAAAAAAAAAAAAAAAAAAAAAAAAAAAAAAAAAAAAAA==}

  perf-package-19@1.0.0:
    resolution: {integrity: sha512-AAAAAAAAAAAAAAAAAAAAAAAAAAAAAAAAAAAAAAAAAAAAAAAAAAAAAAAAAAAAAAAAAAAAAAAAAAAAAAAAAAAAAA==}

  perf-package-20@1.0.0:
    resolution: {integrity: sha512-AAAAAAAAAAAAAAAAAAAAAAAAAAAAAAAAAAAAAAAAAAAAAAAAAAAAAAAAAAAAAAAAAAAAAAAAAAAAAAAAAAAAAA==}

  perf-package-21@1.0.0:
    resolution: {integrity: sha512-AAAAAAAAAAAAAAAAAAAAAAAAAAAAAAAAAAAAAAAAAAAAAAAAAAAAAAAAAAAAAAAAAAAAAAAAAAAAAAAAAAAAAA==}

  perf-package-22@1.0.0:
    resolution: {integrity: sha512-AAAAAAAAAAAAAAAAAAAAAAAAAAAAAAAAAAAAAAAAAAAAAAAAAAAAAAAAAAAAAAAAAAAAAAAAAAAAAAAAAAAAAA==}

  perf-package-23@1.0.0:
    resolution: {integrity: sha512-AAAAAAAAAAAAAAAAAAAAAAAAAAAAAAAAAAAAAAAAAAAAAAAAAAAAAAAAAAAAAAAAAAAAAAAAAAAAAAAAAAAAAA==}

  perf-package-24@1.0.0:
    resolution: {integrity: sha512-AAAAAAAAAAAAAAAAAAAAAAAAAAAAAAAAAAAAAAAAAAAAAAAAAAAAAAAAAAAAAAAAAAAAAAAAAAAAAAAAAAAAAA==}

  perf-package-25@1.0.0:
    resolution: {integrity: sha512-AAAAAAAAAAAAAAAAAAAAAAAAAAAAAAAAAAAAAAAAAAAAAAAAAAAAAAAAAAAAAAAAAAAAAAAAAAAAAAAAAAAAAA==}

  perf-package-26@1.0.0:
    resolution: {integrity: sha512-AAAAAAAAAAAAAAAAAAAAAAAAAAAAAAAAAAAAAAAAAAAAAAAAAAAAAAAAAAAAAAAAAAAAAAAAAAAAAAAAAAAAAA==}

  perf-package-27@1.0.0:
    resolution: {integrity: sha512-AAAAAAAAAAAAAAAAAAAAAAAAAAAAAAAAAAAAAAAAAAAAAAAAAAAAAAAAAAAAAAAAAAAAAAAAAAAAAAAAAAAAAA==}

  perf-package-28@1.0.0:
    resolution: {integrity: sha512-AAAAAAAAAAAAAAAAAAAAAAAAAAAAAAAAAAAAAAAAAAAAAAAAAAAAAAAAAAAAAAAAAAAAAAAAAAAAAAAAAAAAAA==}

  perf-package-29@1.0.0:
    resolution: {integrity: sha512-AAAAAAAAAAAAAAAAAAAAAAAAAAAAAAAAAAAAAAAAAAAAAAAAAAAAAAAAAAAAAAAAAAAAAAAAAAAAAAAAAAAAAA==}

  perf-package-30@1.0.0:
    resolution: {integrity: sha512-AAAAAAAAAAAAAAAAAAAAAAAAAAAAAAAAAAAAAAAAAAAAAAAAAAAAAAAAAAAAAAAAAAAAAAAAAAAAAAAAAAAAAA==}

  perf-package-31@1.0.0:
    resolution: {integrity: sha512-AAAAAAAAAAAAAAAAAAAAAAAAAAAAAAAAAAAAAAAAAAAAAAAAAAAAAAAAAAAAAAAAAAAAAAAAAAAAAAAAAAAAAA==}

  perf-package-32@1.0.0:
    resolution: {integrity: sha512-AAAAAAAAAAAAAAAAAAAAAAAAAAAAAAAAAAAAAAAAAAAAAAAAAAAAAAAAAAAAAAAAAAAAAAAAAAAAAAAAAAAAAA==}

  perf-package-33@1.0.0:
    resolution: {integrity: sha512-AAAAAAAAAAAAAAAAAAAAAAAAAAAAAAAAAAAAAAAAAAAAAAAAAAAAAAAAAAAAAAAAAAAAAAAAAAAAAAAAAAAAAA==}

  perf-package-34@1.0.0:
    resolution: {integrity: sha512-AAAAAAAAAAAAAAAAAAAAAAAAAAAAAAAAAAAAAAAAAAAAAAAAAAAAAAAAAAAAAAAAAAAAAAAAAAAAAAAAAAAAAA==}

  perf-package-35@1.0.0:
    resolution: {integrity: sha512-AAAAAAAAAAAAAAAAAAAAAAAAAAAAAAAAAAAAAAAAAAAAAAAAAAAAAAAAAAAAAAAAAAAAAAAAAAAAAAAAAAAAAA==}

  perf-package-36@1.0.0:
    resolution: {integrity: sha512-AAAAAAAAAAAAAAAAAAAAAAAAAAAAAAAAAAAAAAAAAAAAAAAAAAAAAAAAAAAAAAAAAAAAAAAAAAAAAAAAAAAAAA==}

  perf-package-37@1.0.0:
    resolution: {integrity: sha512-AAAAAAAAAAAAAAAAAAAAAAAAAAAAAAAAAAAAAAAAAAAAAAAAAAAAAAAAAAAAAAAAAAAAAAAAAAAAAAAAAAAAAA==}

  perf-package-38@1.0.0:
    resolution: {integrity: sha512-AAAAAAAAAAAAAAAAAAAAAAAAAAAAAAAAAAAAAAAAAAAAAAAAAAAAAAAAAAAAAAAAAAAAAAAAAAAAAAAAAAAAAA==}

  perf-package-39@1.0.0:
    resolution: {integrity: sha512-AAAAAAAAAAAAAAAAAAAAAAAAAAAAAAAAAAAAAAAAAAAAAAAAAAAAAAAAAAAAAAAAAAAAAAAAAAAAAAAAAAAAAA==}

  perf-package-40@1.0.0:
    resolution: {integrity: sha512-AAAAAAAAAAAAAAAAAAAAAAAAAAAAAAAAAAAAAAAAAAAAAAAAAAAAAAAAAAAAAAAAAAAAAAAAAAAAAAAAAAAAAA==}

  perf-package-41@1.0.0:
    resolution: {integrity: sha512-AAAAAAAAAAAAAAAAAAAAAAAAAAAAAAAAAAAAAAAAAAAAAAAAAAAAAAAAAAAAAAAAAAAAAAAAAAAAAAAAAAAAAA==}

  perf-package-42@1.0.0:
    resolution: {integrity: sha512-AAAAAAAAAAAAAAAAAAAAAAAAAAAAAAAAAAAAAAAAAAAAAAAAAAAAAAAAAAAAAAAAAAAAAAAAAAAAAAAAAAAAAA==}

  perf-package-43@1.0.0:
    resolution: {integrity: sha512-AAAAAAAAAAAAAAAAAAAAAAAAAAAAAAAAAAAAAAAAAAAAAAAAAAAAAAAAAAAAAAAAAAAAAAAAAAAAAAAAAAAAAA==}

  perf-package-44@1.0.0:
    resolution: {integrity: sha512-AAAAAAAAAAAAAAAAAAAAAAAAAAAAAAAAAAAAAAAAAAAAAAAAAAAAAAAAAAAAAAAAAAAAAAAAAAAAAAAAAAAAAA==}

  perf-package-45@1.0.0:
    resolution: {integrity: sha512-AAAAAAAAAAAAAAAAAAAAAAAAAAAAAAAAAAAAAAAAAAAAAAAAAAAAAAAAAAAAAAAAAAAAAAAAAAAAAAAAAAAAAA==}

  perf-package-46@1.0.0:
    resolution: {integrity: sha512-AAAAAAAAAAAAAAAAAAAAAAAAAAAAAAAAAAAAAAAAAAAAAAAAAAAAAAAAAAAAAAAAAAAAAAAAAAAAAAAAAAAAAA==}

  perf-package-47@1.0.0:
    resolution: {integrity: sha512-AAAAAAAAAAAAAAAAAAAAAAAAAAAAAAAAAAAAAAAAAAAAAAAAAAAAAAAAAAAAAAAAAAAAAAAAAAAAAAAAAAAAAA==}

snapshots:

  perf-package-00@1.0.0: {}

  perf-package-01@1.0.0: {}

  perf-package-02@1.0.0: {}

  perf-package-03@1.0.0: {}

  perf-package-04@1.0.0: {}

  perf-package-05@1.0.0: {}

  perf-package-06@1.0.0: {}

  perf-package-07@1.0.0: {}

  perf-package-08@1.0.0: {}

  perf-package-09@1.0.0: {}

  perf-package-10@1.0.0: {}

  perf-package-11@1.0.0: {}

  perf-package-12@1.0.0: {}

  perf-package-13@1.0.0: {}

  perf-package-14@1.0.0: {}

  perf-package-15@1.0.0: {}

  perf-package-16@1.0.0: {}

  perf-package-17@1.0.0: {}

  perf-package-18@1.0.0: {}

  perf-package-19@1.0.0: {}

  perf-package-20@1.0.0: {}

  perf-package-21@1.0.0: {}

  perf-package-22@1.0.0: {}

  perf-package-23@1.0.0: {}

  perf-package-24@1.0.0: {}

  perf-package-25@1.0.0: {}

  perf-package-26@1.0.0: {}

  perf-package-27@1.0.0: {}

  perf-package-28@1.0.0: {}

  perf-package-29@1.0.0: {}

  perf-package-30@1.0.0: {}

  perf-package-31@1.0.0: {}

  perf-package-32@1.0.0: {}

  perf-package-33@1.0.0: {}

  perf-package-34@1.0.0: {}

  perf-package-35@1.0.0: {}

  perf-package-36@1.0.0: {}

  perf-package-37@1.0.0: {}

  perf-package-38@1.0.0: {}

  perf-package-39@1.0.0: {}

  perf-package-40@1.0.0: {}

  perf-package-41@1.0.0: {}

  perf-package-42@1.0.0: {}

  perf-package-43@1.0.0: {}

  perf-package-44@1.0.0: {}

  perf-package-45@1.0.0: {}

  perf-package-46@1.0.0: {}

  perf-package-47@1.0.0: {}
