lockfileVersion: '9.0'

settings:
  autoInstallPeers: true
  excludeLinksFromLockfile: false

overrides:
  perf-package-00@: 1.0.0
  perf-package-01@: 1.0.0
  perf-package-02@: 1.0.0
  perf-package-03@: 1.0.0
  perf-package-04@: 1.0.0
  perf-package-05@: 1.0.0
  perf-package-06@: 1.0.0
  perf-package-07@: 1.0.0
  perf-package-08@: 1.0.0
  perf-package-09@: 1.0.0
  perf-package-10@: 1.0.0
  perf-package-11@: 1.0.0
  perf-package-12@: 1.0.0
  perf-package-13@: 1.0.0
  perf-package-14@: 1.0.0
  perf-package-15@: 1.0.0
  perf-package-16@: 1.0.0
  perf-package-17@: 1.0.0
  perf-package-18@: 1.0.0
  perf-package-19@: 1.0.0
  perf-package-20@: 1.0.0
  perf-package-21@: 1.0.0
  perf-package-22@: 1.0.0
  perf-package-23@: 1.0.0
  perf-package-24@: 1.0.0
  perf-package-25@: 1.0.0
  perf-package-26@: 1.0.0
  perf-package-27@: 1.0.0
  perf-package-28@: 1.0.0
  perf-package-29@: 1.0.0
  perf-package-30@: 1.0.0
  perf-package-31@: 1.0.0
  perf-package-32@: 1.0.0
  perf-package-33@: 1.0.0
  perf-package-34@: 1.0.0
  perf-package-35@: 1.0.0
  perf-package-36@: 1.0.0
  perf-package-37@: 1.0.0
  perf-package-38@: 1.0.0
  perf-package-39@: 1.0.0
  perf-package-40@: 1.0.0
  perf-package-41@: 1.0.0
  perf-package-42@: 1.0.0
  perf-package-43@: 1.0.0
  perf-package-44@: 1.0.0
  perf-package-45@: 1.0.0
  perf-package-46@: 1.0.0
  perf-package-47@: 1.0.0

importers:

  .:
    dependencies:
      perf-package-00:
        specifier: 1.0.0
        version: 1.0.0
      perf-package-01:
        specifier: 1.0.0
        version: 1.0.0
      perf-package-02:
        specifier: 1.0.0
        version: 1.0.0
      perf-package-03:
        specifier: 1.0.0
        version: 1.0.0
      perf-package-04:
        specifier: 1.0.0
        version: 1.0.0
      perf-package-05:
        specifier: 1.0.0
        version: 1.0.0
      perf-package-06:
        specifier: 1.0.0
        version: 1.0.0
      perf-package-07:
        specifier: 1.0.0
        version: 1.0.0
      perf-package-08:
        specifier: 1.0.0
        version: 1.0.0
      perf-package-09:
        specifier: 1.0.0
        version: 1.0.0
      perf-package-10:
        specifier: 1.0.0
        version: 1.0.0
      perf-package-11:
        specifier: 1.0.0
        version: 1.0.0
      perf-package-12:
        specifier: 1.0.0
        version: 1.0.0
      perf-package-13:
        specifier: 1.0.0
        version: 1.0.0
      perf-package-14:
        specifier: 1.0.0
        version: 1.0.0
      perf-package-15:
        specifier: 1.0.0
        version: 1.0.0
      perf-package-16:
        specifier: 1.0.0
        version: 1.0.0
      perf-package-17:
        specifier: 1.0.0
        version: 1.0.0
      perf-package-18:
        specifier: 1.0.0
        version: 1.0.0
      perf-package-19:
        specifier: 1.0.0
        version: 1.0.0
      perf-package-20:
        specifier: 1.0.0
        version: 1.0.0
      perf-package-21:
        specifier: 1.0.0
        version: 1.0.0
      perf-package-22:
        specifier: 1.0.0
        version: 1.0.0
      perf-package-23:
        specifier: 1.0.0
        version: 1.0.0
      perf-package-24:
        specifier: 1.0.0
        version: 1.0.0
      perf-package-25:
        specifier: 1.0.0
        version: 1.0.0
      perf-package-26:
        specifier: 1.0.0
        version: 1.0.0
      perf-package-27:
        specifier: 1.0.0
        version: 1.0.0
      perf-package-28:
        specifier: 1.0.0
        version: 1.0.0
      perf-package-29:
        specifier: 1.0.0
        version: 1.0.0
      perf-package-30:
        specifier: 1.0.0
        version: 1.0.0
      perf-package-31:
        specifier: 1.0.0
        version: 1.0.0
      perf-package-32:
        specifier: 1.0.0
        version: 1.0.0
      perf-package-33:
        specifier: 1.0.0
        version: 1.0.0
      perf-package-34:
        specifier: 1.0.0
        version: 1.0.0
      perf-package-35:
        specifier: 1.0.0
        version: 1.0.0
      perf-package-36:
        specifier: 1.0.0
        version: 1.0.0
      perf-package-37:
        specifier: 1.0.0
        version: 1.0.0
      perf-package-38:
        specifier: 1.0.0
        version: 1.0.0
      perf-package-39:
        specifier: 1.0.0
        version: 1.0.0
      perf-package-40:
        specifier: 1.0.0
        version: 1.0.0
      perf-package-41:
        specifier: 1.0.0
        version: 1.0.0
      perf-package-42:
        specifier: 1.0.0
        version: 1.0.0
      perf-package-43:
        specifier: 1.0.0
        version: 1.0.0
      perf-package-44:
        specifier: 1.0.0
        version: 1.0.0
      perf-package-45:
        specifier: 1.0.0
        version: 1.0.0
      perf-package-46:
        specifier: 1.0.0
        version: 1.0.0
      perf-package-47:
        specifier: 1.0.0
        version: 1.0.0

packages:

  perf-package-00@1.0.0:
    resolution: {integrity: sha512-AAAAAAAAAAAAAAAAAAAAAAAAAAAAAAAAAAAAAAAAAAAAAAAAAAAAAAAAAAAAAAAAAAAAAAAAAAAAAAAAAAAAAA==}

  perf-package-01@1.0.0:
    resolution: {integrity: sha512-AAAAAAAAAAAAAAAAAAAAAAAAAAAAAAAAAAAAAAAAAAAAAAAAAAAAAAAAAAAAAAAAAAAAAAAAAAAAAAAAAAAAAA==}

  perf-package-02@1.0.0:
    resolution: {integrity: sha512-AAAAAAAAAAAAAAAAAAAAAAAAAAAAAAAAAAAAAAAAAAAAAAAAAAAAAAAAAAAAAAAAAAAAAAAAAAAAAAAAAAAAAA==}

  perf-package-03@1.0.0:
    resolution: {integrity: sha512-AAAAAAAAAAAAAAAAAAAAAAAAAAAAAAAAAAAAAAAAAAAAAAAAAAAAAAAAAAAAAAAAAAAAAAAAAAAAAAAAAAAAAA==}

  perf-package-04@1.0.0:
    resolution: {integrity: sha512-AAAAAAAAAAAAAAAAAAAAAAAAAAAAAAAAAAAAAAAAAAAAAAAAAAAAAAAAAAAAAAAAAAAAAAAAAAAAAAAAAAAAAA==}

  perf-package-05@1.0.0:
    resolution: {integrity: sha512-AAAAAAAAAAAAAAAAAAAAAAAAAAAAAAAAAAAAAAAAAAAAAAAAAAAAAAAAAAAAAAAAAAAAAAAAAAAAAAAAAAAAAA==}

  perf-package-06@1.0.0:
    resolution: {integrity: sha512-AAAAAAAAAAAAAAAAAAAAAAAAAAAAAAAAAAAAAAAAAAAAAAAAAAAAAAAAAAAAAAAAAAAAAAAAAAAAAAAAAAAAAA==}

  perf-package-07@1.0.0:
    resolution: {integrity: sha512-AAAAAAAAAAAAAAAAAAAAAAAAAAAAAAAAAAAAAAAAAAAAAAAAAAAAAAAAAAAAAAAAAAAAAAAAAAAAAAAAAAAAAA==}

  perf-package-08@1.0.0:
    resolution: {integrity: sha512-AAAAAAAAAAAAAAAAAAAAAAAAAAAAAAAAAAAAAAAAAAAAAAAAAAAAAAAAAAAAAAAAAAAAAAAAAAAAAAAAAAAAAA==}

  perf-package-09@1.0.0:
    resolution: {integrity: sha512-AAAAAAAAAAAAAAAAAAAAAAAAAAAAAAAAAAAAAAAAAAAAAAAAAAAAAAAAAAAAAAAAAAAAAAAAAAAAAAAAAAAAAA==}

  perf-package-10@1.0.0:
    resolution: {integrity: sha512-AAAAAAAAAAAAAAAAAAAAAAAAAAAAAAAAAAAAAAAAAAAAAAAAAAAAAAAAAAAAAAAAAAAAAAAAAAAAAAAAAAAAAA==}

  perf-package-11@1.0.0:
    resolution: {integrity: sha512-AAAAAAAAAAAAAAAAAAAAAAAAAAAAAAAAAAAAAAAAAAAAAAAAAAAAAAAAAAAAAAAAAAAAAAAAAAAAAAAAAAAAAA==}

  perf-package-12@1.0.0:
    resolution: {integrity: sha512-AAAAAAAAAAAAAAAAAAAAAAAAAAAAAAAAAAAAAAAAAAAAAAAAAAAAAAAAAAAAAAAAAAAAAAAAAAAAAAAAAAAAAA==}

  perf-package-13@1.0.0:
    resolution: {integrity: sha512-AAAAAAAAAAAAAAAAAAAAAAAAAAAAAAAAAAAAAAAAAAAAAAAAAAAAAAAAAAAAAAAAAAAAAAAAAAAAAAAAAAAAAA==}

  perf-package-14@1.0.0:
    resolution: {integrity: sha512-AAAAAAAAAAAAAAAAAAAAAAAAAAAAAAAAAAAAAAAAAAAAAAAAAAAAAAAAAAAAAAAAAAAAAAAAAAAAAAAAAAAAAA==}

  perf-package-15@1.0.0:
    resolution: {integrity: sha512-AAAAAAAAAAAAAAAAAAAAAAAAAAAAAAAAAAAAAAAAAAAAAAAAAAAAAAAAAAAAAAAAAAAAAAAAAAAAAAAAAAAAAA==}

  perf-package-16@1.0.0:
    resolution: {integrity: sha512-AAAAAAAAAAAAAAAAAAAAAAAAAAAAAAAAAAAAAAAAAAAAAAAAAAAAAAAAAAAAAAAAAAAAAAAAAAAAAAAAAAAAAA==}

  perf-package-17@1.0.0:
    resolution: {integrity: sha512-AAAAAAAAAAAAAAAAAAAAAAAAAAAAAAAAAAAAAAAAAAAAAAAAAAAAAAAAAAAAAAAAAAAAAAAAAAAAAAAAAAAAAA==}

  perf-package-18@1.0.0:
    resolution: {integrity: sha512-AAAAAAAAAAAAAAAAAAAAAAAAAAAAAAAAAAAAAAAAAAAAAAAAAAAAAAAAAAAAAAAAAAAAAAAAAAAAAAAAAAAAAA==}

  perf-package-19@1.0.0:
    resolution: {integrity: sha512-AAAAAAAAAAAAAAAAAAAAAAAAAAAAAAAAAAAAAAAAAAAAAAAAAAAAAAAAAAAAAAAAAAAAAAAAAAAAAAAAAAAAAA==}

  perf-package-20@1.0.0:
    resolution: {integrity: sha512-AAAAAAAAAAAAAAAAAAAAAAAAAAAAAAAAAAAAAAAAAAAAAAAAAAAAAAAAAAAAAAAAAAAAAAAAAAAAAAAAAAAAAA==}

  perf-package-21@1.0.0:
    resolution: {integrity: sha512-AAAAAAAAAAAAAAAAAAAAAAAAAAAAAAAAAAAAAAAAAAAAAAAAAAAAAAAAAAAAAAAAAAAAAAAAAAAAAAAAAAAAAA==}

  perf-package-22@1.0.0:
    resolution: {integrity: sha512-AAAAAAAAAAAAAAAAAAAAAAAAAAAAAAAAAAAAAAAAAAAAAAAAAAAAAAAAAAAAAAAAAAAAAAAAAAAAAAAAAAAAAA==}

  perf-package-23@1.0.0:
    resolution: {integrity: sha512-AAAAAAAAAAAAAAAAAAAAAAAAAAAAAAAAAAAAAAAAAAAAAAAAAAAAAAAAAAAAAAAAAAAAAAAAAAAAAAAAAAAAAA==}

  perf-package-24@1.0.0:
    resolution: {integrity: sha512-AAAAAAAAAAAAAAAAAAAAAAAAAAAAAAAAAAAAAAAAAAAAAAAAAAAAAAAAAAAAAAAAAAAAAAAAAAAAAAAAAAAAAA==}

  perf-package-25@1.0.0:
    resolution: {integrity: sha512-AAAAAAAAAAAAAAAAAAAAAAAAAAAAAAAAAAAAAAAAAAAAAAAAAAAAAAAAAAAAAAAAAAAAAAAAAAAAAAAAAAAAAA==}

  perf-package-26@1.0.0:
    resolution: {integrity: sha512-AAAAAAAAAAAAAAAAAAAAAAAAAAAAAAAAAAAAAAAAAAAAAAAAAAAAAAAAAAAAAAAAAAAAAAAAAAAAAAAAAAAAAA==}

  perf-package-27@1.0.0:
    resolution: {integrity: sha512-AAAAAAAAAAAAAAAAAAAAAAAAAAAAAAAAAAAAAAAAAAAAAAAAAAAAAAAAAAAAAAAAAAAAAAAAAAAAAAAAAAAAAA==}

  perf-package-28@1.0.0:
    resolution: {integrity: sha512-AAAAAAAAAAAAAAAAAAAAAAAAAAAAAAAAAAAAAAAAAAAAAAAAAAAAAAAAAAAAAAAAAAAAAAAAAAAAAAAAAAAAAA==}

  perf-package-29@1.0.0:
    resolution: {integrity: sha512-AAAAAAAAAAAAAAAAAAAAAAAAAAAAAAAAAAAAAAAAAAAAAAAAAAAAAAAAAAAAAAAAAAAAAAAAAAAAAAAAAAAAAA==}

  perf-package-30@1.0.0:
    resolution: {integrity: sha512-AAAAAAAAAAAAAAAAAAAAAAAAAAAAAAAAAAAAAAAAAAAAAAAAAAAAAAAAAAAAAAAAAAAAAAAAAAAAAAAAAAAAAA==}

  perf-package-31@1.0.0:
    resolution: {integrity: sha512-AAAAAAAAAAAAAAAAAAAAAAAAAAAAAAAAAAAAAAAAAAAAAAAAAAAAAAAAAAAAAAAAAAAAAAAAAAAAAAAAAAAAAA==}

  perf-package-32@1.0.0:
    resolution: {integrity: sha512-AAAAAAAAAAAAAAAAAAAAAAAAAAAAAAAAAAAAAAAAAAAAAAAAAAAAAAAAAAAAAAAAAAAAAAAAAAAAAAAAAAAAAA==}

  perf-package-33@1.0.0:
    resolution: {integrity: sha512-AAAAAAAAAAAAAAAAAAAAAAAAAAAAAAAAAAAAAAAAAAAAAAAAAAAAAAAAAAAAAAAAAAAAAAAAAAAAAAAAAAAAAA==}

  perf-package-34@1.0.0:
    resolution: {integrity: sha512-AAAAAAAAAAAAAAAAAAAAAAAAAAAAAAAAAAAAAAAAAAAAAAAAAAAAAAAAAAAAAAAAAAAAAAAAAAAAAAAAAAAAAA==}

  perf-package-35@1.0.0:
    resolution: {integrity: sha512-AAAAAAAAAAAAAAAAAAAAAAAAAAAAAAAAAAAAAAAAAAAAAAAAAAAAAAAAAAAAAAAAAAAAAAAAAAAAAAAAAAAAAA==}

  perf-package-36@1.0.0:
    resolution: {integrity: sha512-AAAAAAAAAAAAAAAAAAAAAAAAAAAAAAAAAAAAAAAAAAAAAAAAAAAAAAAAAAAAAAAAAAAAAAAAAAAAAAAAAAAAAA==}

  perf-package-37@1.0.0:
    resolution: {integrity: sha512-AAAAAAAAAAAAAAAAAAAAAAAAAAAAAAAAAAAAAAAAAAAAAAAAAAAAAAAAAAAAAAAAAAAAAAAAAAAAAAAAAAAAAA==}

  perf-package-38@1.0.0:
    resolution: {integrity: sha512-AAAAAAAAAAAAAAAAAAAAAAAAAAAAAAAAAAAAAAAAAAAAAAAAAAAAAAAAAAAAAAAAAAAAAAAAAAAAAAAAAAAAAA==}

  perf-package-39@1.0.0:
    resolution: {integrity: sha512-AAAAAAAAAAAAAAAAAAAAAAAAAAAAAAAAAAAAAAAAAAAAAAAAAAAAAAAAAAAAAAAAAAAAAAAAAAAAAAAAAAAAAA==}

  perf-package-40@1.0.0:
    resolution: {integrity: sha512-AAAAAAAAAAAAAAAAAAAAAAAAAAAAAAAAAAAAAAAAAAAAAAAAAAAAAAAAAAAAAAAAAAAAAAAAAAAAAAAAAAAAAA==}

  perf-package-41@1.0.0:
    resolution: {integrity: sha512-AAAAAAAAAAAAAAAAAAAAAAAAAAAAAAAAAAAAAAAAAAAAAAAAAAAAAAAAAAAAAAAAAAAAAAAAAAAAAAAAAAAAAA==}

  perf-package-42@1.0.0:
    resolution: {integrity: sha512-AAAAAAAAAAAAAAAAAAAAAAAAAAAAAAAAAAAAAAAAAAAAAAAAAAAAAAAAAAAAAAAAAAAAAAAAAAAAAAAAAAAAAA==}

  perf-package-43@1.0.0:
    resolution: {integrity: sha512-AAAAAAAAAAAAAAAAAAAAAAAAAAAAAAAAAAAAAAAAAAAAAAAAAAAAAAAAAAAAAAAAAAAAAAAAAAAAAAAAAAAAAA==}

  perf-package-44@1.0.0:
    resolution: {integrity: sha512-AAAAAAAAAAAAAAAAAAAAAAAAAAAAAAAAAAAAAAAAAAAAAAAAAAAAAAAAAAAAAAAAAAAAAAAAAAAAAAAAAAAAAA==}

  perf-package-45@1.0.0:
    resolution: {integrity: sha512-AAAAAAAAAAAAAAAAAAAAAAAAAAAAAAAAAAAAAAAAAAAAAAAAAAAAAAAAAAAAAAAAAAAAAAAAAAAAAAAAAAAAAA==}

  perf-package-46@1.0.0:
    resolution: {integrity: sha512-AAAAAAAAAAAAAAAAAAAAAAAAAAAAAAAAAAAAAAAAAAAAAAAAAAAAAAAAAAAAAAAAAAAAAAAAAAAAAAAAAAAAAA==}

  perf-package-47@1.0.0:
    resolution: {integrity: sha512-AAAAAAAAAAAAAAAAAAAAAAAAAAAAAAAAAAAAAAAAAAAAAAAAAAAAAAAAAAAAAAAAAAAAAAAAAAAAAAAAAAAAAA==}

snapshots:

  perf-package-00@1.0.0: {}

  perf-package-01@1.0.0: {}

  perf-package-02@1.0.0: {}

  perf-package-03@1.0.0: {}

  perf-package-04@1.0.0: {}

  perf-package-05@1.0.0: {}

  perf-package-06@1.0.0: {}

  perf-package-07@1.0.0: {}

  perf-package-08@1.0.0: {}

  perf-package-09@1.0.0: {}

  perf-package-10@1.0.0: {}

  perf-package-11@1.0.0: {}

  perf-package-12@1.0.0: {}

  perf-package-13@1.0.0: {}

  perf-package-14@1.0.0: {}

  perf-package-15@1.0.0: {}

  perf-package-16@1.0.0: {}

  perf-package-17@1.0.0: {}

  perf-package-18@1.0.0: {}

  perf-package-19@1.0.0: {}

  perf-package-20@1.0.0: {}

  perf-package-21@1.0.0: {}

  perf-package-22@1.0.0: {}

  perf-package-23@1.0.0: {}

  perf-package-24@1.0.0: {}

  perf-package-25@1.0.0: {}

  perf-package-26@1.0.0: {}

  perf-package-27@1.0.0: {}

  perf-package-28@1.0.0: {}

  perf-package-29@1.0.0: {}

  perf-package-30@1.0.0: {}

  perf-package-31@1.0.0: {}

  perf-package-32@1.0.0: {}

  perf-package-33@1.0.0: {}

  perf-package-34@1.0.0: {}

  perf-package-35@1.0.0: {}

  perf-package-36@1.0.0: {}

  perf-package-37@1.0.0: {}

  perf-package-38@1.0.0: {}

  perf-package-39@1.0.0: {}

  perf-package-40@1.0.0: {}

  perf-package-41@1.0.0: {}

  perf-package-42@1.0.0: {}

  perf-package-43@1.0.0: {}

  perf-package-44@1.0.0: {}

  perf-package-45@1.0.0: {}

  perf-package-46@1.0.0: {}

  perf-package-47@1.0.0: {}
